// !$*UTF8*$!
{
	archiveVersion = 1;
	classes = {
	};
	objectVersion = 56;
	objects = {

/* Begin PBXBuildFile section */
		46E28A5E2C33E70500AB3843 /* AppDelegate.swift in Sources */ = {isa = PBXBuildFile; fileRef = 46E28A5D2C33E70500AB3843 /* AppDelegate.swift */; };
		46E28A602C33E70500AB3843 /* SceneDelegate.swift in Sources */ = {isa = PBXBuildFile; fileRef = 46E28A5F2C33E70500AB3843 /* SceneDelegate.swift */; };
		46E28A672C33E70800AB3843 /* Assets.xcassets in Resources */ = {isa = PBXBuildFile; fileRef = 46E28A662C33E70800AB3843 /* Assets.xcassets */; };
		46E28A6A2C33E70800AB3843 /* Base in Resources */ = {isa = PBXBuildFile; fileRef = 46E28A692C33E70800AB3843 /* Base */; };
		46E28A732C33E7CF00AB3843 /* BaseViewController.swift in Sources */ = {isa = PBXBuildFile; fileRef = 46E28A722C33E7CF00AB3843 /* BaseViewController.swift */; };
		46E28A762C33E88200AB3843 /* MemoListViewController.swift in Sources */ = {isa = PBXBuildFile; fileRef = 46E28A752C33E88200AB3843 /* MemoListViewController.swift */; };
		46E28A792C33E8DE00AB3843 /* DataBase.swift in Sources */ = {isa = PBXBuildFile; fileRef = 46E28A782C33E8DE00AB3843 /* DataBase.swift */; };
		46E28A7C2C33E91300AB3843 /* RealmSwift in Frameworks */ = {isa = PBXBuildFile; productRef = 46E28A7B2C33E91300AB3843 /* RealmSwift */; };
		46E28A7D2C33EA2000AB3843 /* RealmSwift in Embed Frameworks */ = {isa = PBXBuildFile; productRef = 46E28A7B2C33E91300AB3843 /* RealmSwift */; settings = {ATTRIBUTES = (CodeSignOnCopy, ); }; };
		46E28A812C33EB6400AB3843 /* SnapKit in Frameworks */ = {isa = PBXBuildFile; productRef = 46E28A802C33EB6400AB3843 /* SnapKit */; };
		46E28A842C33EB7200AB3843 /* Toast in Frameworks */ = {isa = PBXBuildFile; productRef = 46E28A832C33EB7200AB3843 /* Toast */; };
		46E28A872C33EBE500AB3843 /* InsertViewController.swift in Sources */ = {isa = PBXBuildFile; fileRef = 46E28A862C33EBE500AB3843 /* InsertViewController.swift */; };
		46E28A8B2C33F83D00AB3843 /* ContentView.swift in Sources */ = {isa = PBXBuildFile; fileRef = 46E28A8A2C33F83D00AB3843 /* ContentView.swift */; };
		46E28A8D2C33FC0C00AB3843 /* Extension.swift in Sources */ = {isa = PBXBuildFile; fileRef = 46E28A8C2C33FC0C00AB3843 /* Extension.swift */; };
		46E28A8F2C343C1E00AB3843 /* TextField.swift in Sources */ = {isa = PBXBuildFile; fileRef = 46E28A8E2C343C1E00AB3843 /* TextField.swift */; };
		46E28A912C34453300AB3843 /* BaseTableViewCell.swift in Sources */ = {isa = PBXBuildFile; fileRef = 46E28A902C34453300AB3843 /* BaseTableViewCell.swift */; };
		46E28A932C34457A00AB3843 /* MemoTableViewCell.swift in Sources */ = {isa = PBXBuildFile; fileRef = 46E28A922C34457A00AB3843 /* MemoTableViewCell.swift */; };
		46E28A952C34471900AB3843 /* RadioButton.swift in Sources */ = {isa = PBXBuildFile; fileRef = 46E28A942C34471900AB3843 /* RadioButton.swift */; };
		46E28A9D2C352A0F00AB3843 /* DatePickerViewController.swift in Sources */ = {isa = PBXBuildFile; fileRef = 46E28A9C2C352A0F00AB3843 /* DatePickerViewController.swift */; };
		46E28A9F2C35407600AB3843 /* TagViewController.swift in Sources */ = {isa = PBXBuildFile; fileRef = 46E28A9E2C35407600AB3843 /* TagViewController.swift */; };
		46E28AA12C3576E500AB3843 /* MainViewController.swift in Sources */ = {isa = PBXBuildFile; fileRef = 46E28AA02C3576E500AB3843 /* MainViewController.swift */; };
		46E28AA52C357FFB00AB3843 /* MainTypeView.swift in Sources */ = {isa = PBXBuildFile; fileRef = 46E28AA42C357FFB00AB3843 /* MainTypeView.swift */; };
/* End PBXBuildFile section */

/* Begin PBXCopyFilesBuildPhase section */
		46E28A7E2C33EA2000AB3843 /* Embed Frameworks */ = {
			isa = PBXCopyFilesBuildPhase;
			buildActionMask = 2147483647;
			dstPath = "";
			dstSubfolderSpec = 10;
			files = (
				46E28A7D2C33EA2000AB3843 /* RealmSwift in Embed Frameworks */,
			);
			name = "Embed Frameworks";
			runOnlyForDeploymentPostprocessing = 0;
		};
/* End PBXCopyFilesBuildPhase section */

/* Begin PBXFileReference section */
		46E28A5A2C33E70500AB3843 /* MemoListApp.app */ = {isa = PBXFileReference; explicitFileType = wrapper.application; includeInIndex = 0; path = MemoListApp.app; sourceTree = BUILT_PRODUCTS_DIR; };
		46E28A5D2C33E70500AB3843 /* AppDelegate.swift */ = {isa = PBXFileReference; lastKnownFileType = sourcecode.swift; path = AppDelegate.swift; sourceTree = "<group>"; };
		46E28A5F2C33E70500AB3843 /* SceneDelegate.swift */ = {isa = PBXFileReference; lastKnownFileType = sourcecode.swift; path = SceneDelegate.swift; sourceTree = "<group>"; };
		46E28A662C33E70800AB3843 /* Assets.xcassets */ = {isa = PBXFileReference; lastKnownFileType = folder.assetcatalog; path = Assets.xcassets; sourceTree = "<group>"; };
		46E28A692C33E70800AB3843 /* Base */ = {isa = PBXFileReference; lastKnownFileType = file.storyboard; name = Base; path = Base.lproj/LaunchScreen.storyboard; sourceTree = "<group>"; };
		46E28A6B2C33E70800AB3843 /* Info.plist */ = {isa = PBXFileReference; lastKnownFileType = text.plist.xml; path = Info.plist; sourceTree = "<group>"; };
		46E28A722C33E7CF00AB3843 /* BaseViewController.swift */ = {isa = PBXFileReference; lastKnownFileType = sourcecode.swift; path = BaseViewController.swift; sourceTree = "<group>"; };
		46E28A752C33E88200AB3843 /* MemoListViewController.swift */ = {isa = PBXFileReference; lastKnownFileType = sourcecode.swift; path = MemoListViewController.swift; sourceTree = "<group>"; };
		46E28A782C33E8DE00AB3843 /* DataBase.swift */ = {isa = PBXFileReference; lastKnownFileType = sourcecode.swift; path = DataBase.swift; sourceTree = "<group>"; };
		46E28A862C33EBE500AB3843 /* InsertViewController.swift */ = {isa = PBXFileReference; lastKnownFileType = sourcecode.swift; path = InsertViewController.swift; sourceTree = "<group>"; };
		46E28A8A2C33F83D00AB3843 /* ContentView.swift */ = {isa = PBXFileReference; lastKnownFileType = sourcecode.swift; path = ContentView.swift; sourceTree = "<group>"; };
		46E28A8C2C33FC0C00AB3843 /* Extension.swift */ = {isa = PBXFileReference; lastKnownFileType = sourcecode.swift; path = Extension.swift; sourceTree = "<group>"; };
		46E28A8E2C343C1E00AB3843 /* TextField.swift */ = {isa = PBXFileReference; lastKnownFileType = sourcecode.swift; path = TextField.swift; sourceTree = "<group>"; };
		46E28A902C34453300AB3843 /* BaseTableViewCell.swift */ = {isa = PBXFileReference; lastKnownFileType = sourcecode.swift; path = BaseTableViewCell.swift; sourceTree = "<group>"; };
		46E28A922C34457A00AB3843 /* MemoTableViewCell.swift */ = {isa = PBXFileReference; lastKnownFileType = sourcecode.swift; path = MemoTableViewCell.swift; sourceTree = "<group>"; };
		46E28A942C34471900AB3843 /* RadioButton.swift */ = {isa = PBXFileReference; lastKnownFileType = sourcecode.swift; path = RadioButton.swift; sourceTree = "<group>"; };
		46E28A9C2C352A0F00AB3843 /* DatePickerViewController.swift */ = {isa = PBXFileReference; lastKnownFileType = sourcecode.swift; path = DatePickerViewController.swift; sourceTree = "<group>"; };
		46E28A9E2C35407600AB3843 /* TagViewController.swift */ = {isa = PBXFileReference; lastKnownFileType = sourcecode.swift; path = TagViewController.swift; sourceTree = "<group>"; };
		46E28AA02C3576E500AB3843 /* MainViewController.swift */ = {isa = PBXFileReference; lastKnownFileType = sourcecode.swift; path = MainViewController.swift; sourceTree = "<group>"; };
		46E28AA42C357FFB00AB3843 /* MainTypeView.swift */ = {isa = PBXFileReference; lastKnownFileType = sourcecode.swift; path = MainTypeView.swift; sourceTree = "<group>"; };
/* End PBXFileReference section */

/* Begin PBXFrameworksBuildPhase section */
		46E28A572C33E70500AB3843 /* Frameworks */ = {
			isa = PBXFrameworksBuildPhase;
			buildActionMask = 2147483647;
			files = (
				46E28A842C33EB7200AB3843 /* Toast in Frameworks */,
				46E28A7C2C33E91300AB3843 /* RealmSwift in Frameworks */,
				46E28A812C33EB6400AB3843 /* SnapKit in Frameworks */,
			);
			runOnlyForDeploymentPostprocessing = 0;
		};
/* End PBXFrameworksBuildPhase section */

/* Begin PBXGroup section */
		46E28A512C33E70500AB3843 = {
			isa = PBXGroup;
			children = (
				46E28A5C2C33E70500AB3843 /* MemoListApp */,
				46E28A5B2C33E70500AB3843 /* Products */,
			);
			sourceTree = "<group>";
		};
		46E28A5B2C33E70500AB3843 /* Products */ = {
			isa = PBXGroup;
			children = (
				46E28A5A2C33E70500AB3843 /* MemoListApp.app */,
			);
			name = Products;
			sourceTree = "<group>";
		};
		46E28A5C2C33E70500AB3843 /* MemoListApp */ = {
			isa = PBXGroup;
			children = (
				46E28A992C35272F00AB3843 /* Edit */,
				46E28A892C33F82500AB3843 /* Custom */,
				46E28A882C33F81D00AB3843 /* Extension */,
				46E28A852C33EBC700AB3843 /* Insert */,
				46E28A772C33E8CF00AB3843 /* DataBase */,
				46E28A742C33E86900AB3843 /* Memo */,
				46E28A712C33E7BE00AB3843 /* Base */,
				46E28A5D2C33E70500AB3843 /* AppDelegate.swift */,
				46E28A5F2C33E70500AB3843 /* SceneDelegate.swift */,
				46E28A662C33E70800AB3843 /* Assets.xcassets */,
				46E28A682C33E70800AB3843 /* LaunchScreen.storyboard */,
				46E28A6B2C33E70800AB3843 /* Info.plist */,
			);
			path = MemoListApp;
			sourceTree = "<group>";
		};
		46E28A712C33E7BE00AB3843 /* Base */ = {
			isa = PBXGroup;
			children = (
				46E28A722C33E7CF00AB3843 /* BaseViewController.swift */,
				46E28A902C34453300AB3843 /* BaseTableViewCell.swift */,
			);
			path = Base;
			sourceTree = "<group>";
		};
		46E28A742C33E86900AB3843 /* Memo */ = {
			isa = PBXGroup;
			children = (
				46E28A752C33E88200AB3843 /* MemoListViewController.swift */,
				46E28AA02C3576E500AB3843 /* MainViewController.swift */,
				46E28A922C34457A00AB3843 /* MemoTableViewCell.swift */,
			);
			path = Memo;
			sourceTree = "<group>";
		};
		46E28A772C33E8CF00AB3843 /* DataBase */ = {
			isa = PBXGroup;
			children = (
				46E28A782C33E8DE00AB3843 /* DataBase.swift */,
			);
			path = DataBase;
			sourceTree = "<group>";
		};
		46E28A852C33EBC700AB3843 /* Insert */ = {
			isa = PBXGroup;
			children = (
				46E28A862C33EBE500AB3843 /* InsertViewController.swift */,
			);
			path = Insert;
			sourceTree = "<group>";
		};
		46E28A882C33F81D00AB3843 /* Extension */ = {
			isa = PBXGroup;
			children = (
				46E28A8C2C33FC0C00AB3843 /* Extension.swift */,
			);
			path = Extension;
			sourceTree = "<group>";
		};
		46E28A892C33F82500AB3843 /* Custom */ = {
			isa = PBXGroup;
			children = (
				46E28A8A2C33F83D00AB3843 /* ContentView.swift */,
				46E28A8E2C343C1E00AB3843 /* TextField.swift */,
				46E28A942C34471900AB3843 /* RadioButton.swift */,
				46E28AA42C357FFB00AB3843 /* MainTypeView.swift */,
			);
			path = Custom;
			sourceTree = "<group>";
		};
		46E28A992C35272F00AB3843 /* Edit */ = {
			isa = PBXGroup;
			children = (
				46E28A9C2C352A0F00AB3843 /* DatePickerViewController.swift */,
				46E28A9E2C35407600AB3843 /* TagViewController.swift */,
			);
			path = Edit;
			sourceTree = "<group>";
		};
/* End PBXGroup section */

/* Begin PBXNativeTarget section */
		46E28A592C33E70500AB3843 /* MemoListApp */ = {
			isa = PBXNativeTarget;
			buildConfigurationList = 46E28A6E2C33E70800AB3843 /* Build configuration list for PBXNativeTarget "MemoListApp" */;
			buildPhases = (
				46E28A562C33E70500AB3843 /* Sources */,
				46E28A572C33E70500AB3843 /* Frameworks */,
				46E28A582C33E70500AB3843 /* Resources */,
				46E28A7E2C33EA2000AB3843 /* Embed Frameworks */,
			);
			buildRules = (
			);
			dependencies = (
			);
			name = MemoListApp;
			packageProductDependencies = (
				46E28A7B2C33E91300AB3843 /* RealmSwift */,
				46E28A802C33EB6400AB3843 /* SnapKit */,
				46E28A832C33EB7200AB3843 /* Toast */,
			);
			productName = MemoListApp;
			productReference = 46E28A5A2C33E70500AB3843 /* MemoListApp.app */;
			productType = "com.apple.product-type.application";
		};
/* End PBXNativeTarget section */

/* Begin PBXProject section */
		46E28A522C33E70500AB3843 /* Project object */ = {
			isa = PBXProject;
			attributes = {
				BuildIndependentTargetsInParallel = 1;
				LastSwiftUpdateCheck = 1540;
				LastUpgradeCheck = 1540;
				TargetAttributes = {
					46E28A592C33E70500AB3843 = {
						CreatedOnToolsVersion = 15.4;
					};
				};
			};
			buildConfigurationList = 46E28A552C33E70500AB3843 /* Build configuration list for PBXProject "MemoListApp" */;
			compatibilityVersion = "Xcode 14.0";
			developmentRegion = en;
			hasScannedForEncodings = 0;
			knownRegions = (
				en,
				Base,
			);
			mainGroup = 46E28A512C33E70500AB3843;
			packageReferences = (
				46E28A7A2C33E91300AB3843 /* XCRemoteSwiftPackageReference "realm-swift" */,
				46E28A7F2C33EB6300AB3843 /* XCRemoteSwiftPackageReference "SnapKit" */,
				46E28A822C33EB7200AB3843 /* XCRemoteSwiftPackageReference "Toast-Swift" */,
			);
			productRefGroup = 46E28A5B2C33E70500AB3843 /* Products */;
			projectDirPath = "";
			projectRoot = "";
			targets = (
				46E28A592C33E70500AB3843 /* MemoListApp */,
			);
		};
/* End PBXProject section */

/* Begin PBXResourcesBuildPhase section */
		46E28A582C33E70500AB3843 /* Resources */ = {
			isa = PBXResourcesBuildPhase;
			buildActionMask = 2147483647;
			files = (
				46E28A672C33E70800AB3843 /* Assets.xcassets in Resources */,
				46E28A6A2C33E70800AB3843 /* Base in Resources */,
			);
			runOnlyForDeploymentPostprocessing = 0;
		};
/* End PBXResourcesBuildPhase section */

/* Begin PBXSourcesBuildPhase section */
		46E28A562C33E70500AB3843 /* Sources */ = {
			isa = PBXSourcesBuildPhase;
			buildActionMask = 2147483647;
			files = (
				46E28A8B2C33F83D00AB3843 /* ContentView.swift in Sources */,
				46E28A792C33E8DE00AB3843 /* DataBase.swift in Sources */,
				46E28A9D2C352A0F00AB3843 /* DatePickerViewController.swift in Sources */,
				46E28A762C33E88200AB3843 /* MemoListViewController.swift in Sources */,
				46E28A952C34471900AB3843 /* RadioButton.swift in Sources */,
				46E28A732C33E7CF00AB3843 /* BaseViewController.swift in Sources */,
				46E28A872C33EBE500AB3843 /* InsertViewController.swift in Sources */,
				46E28A932C34457A00AB3843 /* MemoTableViewCell.swift in Sources */,
				46E28A5E2C33E70500AB3843 /* AppDelegate.swift in Sources */,
				46E28AA12C3576E500AB3843 /* MainViewController.swift in Sources */,
				46E28A8F2C343C1E00AB3843 /* TextField.swift in Sources */,
				46E28A602C33E70500AB3843 /* SceneDelegate.swift in Sources */,
				46E28A912C34453300AB3843 /* BaseTableViewCell.swift in Sources */,
				46E28AA52C357FFB00AB3843 /* MainTypeView.swift in Sources */,
				46E28A8D2C33FC0C00AB3843 /* Extension.swift in Sources */,
				46E28A9F2C35407600AB3843 /* TagViewController.swift in Sources */,
			);
			runOnlyForDeploymentPostprocessing = 0;
		};
/* End PBXSourcesBuildPhase section */

/* Begin PBXVariantGroup section */
		46E28A682C33E70800AB3843 /* LaunchScreen.storyboard */ = {
			isa = PBXVariantGroup;
			children = (
				46E28A692C33E70800AB3843 /* Base */,
			);
			name = LaunchScreen.storyboard;
			sourceTree = "<group>";
		};
/* End PBXVariantGroup section */

/* Begin XCBuildConfiguration section */
		46E28A6C2C33E70800AB3843 /* Debug */ = {
			isa = XCBuildConfiguration;
			buildSettings = {
				ALWAYS_SEARCH_USER_PATHS = NO;
				ASSETCATALOG_COMPILER_GENERATE_SWIFT_ASSET_SYMBOL_EXTENSIONS = YES;
				CLANG_ANALYZER_NONNULL = YES;
				CLANG_ANALYZER_NUMBER_OBJECT_CONVERSION = YES_AGGRESSIVE;
				CLANG_CXX_LANGUAGE_STANDARD = "gnu++20";
				CLANG_ENABLE_MODULES = YES;
				CLANG_ENABLE_OBJC_ARC = YES;
				CLANG_ENABLE_OBJC_WEAK = YES;
				CLANG_WARN_BLOCK_CAPTURE_AUTORELEASING = YES;
				CLANG_WARN_BOOL_CONVERSION = YES;
				CLANG_WARN_COMMA = YES;
				CLANG_WARN_CONSTANT_CONVERSION = YES;
				CLANG_WARN_DEPRECATED_OBJC_IMPLEMENTATIONS = YES;
				CLANG_WARN_DIRECT_OBJC_ISA_USAGE = YES_ERROR;
				CLANG_WARN_DOCUMENTATION_COMMENTS = YES;
				CLANG_WARN_EMPTY_BODY = YES;
				CLANG_WARN_ENUM_CONVERSION = YES;
				CLANG_WARN_INFINITE_RECURSION = YES;
				CLANG_WARN_INT_CONVERSION = YES;
				CLANG_WARN_NON_LITERAL_NULL_CONVERSION = YES;
				CLANG_WARN_OBJC_IMPLICIT_RETAIN_SELF = YES;
				CLANG_WARN_OBJC_LITERAL_CONVERSION = YES;
				CLANG_WARN_OBJC_ROOT_CLASS = YES_ERROR;
				CLANG_WARN_QUOTED_INCLUDE_IN_FRAMEWORK_HEADER = YES;
				CLANG_WARN_RANGE_LOOP_ANALYSIS = YES;
				CLANG_WARN_STRICT_PROTOTYPES = YES;
				CLANG_WARN_SUSPICIOUS_MOVE = YES;
				CLANG_WARN_UNGUARDED_AVAILABILITY = YES_AGGRESSIVE;
				CLANG_WARN_UNREACHABLE_CODE = YES;
				CLANG_WARN__DUPLICATE_METHOD_MATCH = YES;
				COPY_PHASE_STRIP = NO;
				DEBUG_INFORMATION_FORMAT = dwarf;
				ENABLE_STRICT_OBJC_MSGSEND = YES;
				ENABLE_TESTABILITY = YES;
				ENABLE_USER_SCRIPT_SANDBOXING = YES;
				GCC_C_LANGUAGE_STANDARD = gnu17;
				GCC_DYNAMIC_NO_PIC = NO;
				GCC_NO_COMMON_BLOCKS = YES;
				GCC_OPTIMIZATION_LEVEL = 0;
				GCC_PREPROCESSOR_DEFINITIONS = (
					"DEBUG=1",
					"$(inherited)",
				);
				GCC_WARN_64_TO_32_BIT_CONVERSION = YES;
				GCC_WARN_ABOUT_RETURN_TYPE = YES_ERROR;
				GCC_WARN_UNDECLARED_SELECTOR = YES;
				GCC_WARN_UNINITIALIZED_AUTOS = YES_AGGRESSIVE;
				GCC_WARN_UNUSED_FUNCTION = YES;
				GCC_WARN_UNUSED_VARIABLE = YES;
				IPHONEOS_DEPLOYMENT_TARGET = 17.5;
				LOCALIZATION_PREFERS_STRING_CATALOGS = YES;
				MTL_ENABLE_DEBUG_INFO = INCLUDE_SOURCE;
				MTL_FAST_MATH = YES;
				ONLY_ACTIVE_ARCH = YES;
				SDKROOT = iphoneos;
				SWIFT_ACTIVE_COMPILATION_CONDITIONS = "DEBUG $(inherited)";
				SWIFT_OPTIMIZATION_LEVEL = "-Onone";
			};
			name = Debug;
		};
		46E28A6D2C33E70800AB3843 /* Release */ = {
			isa = XCBuildConfiguration;
			buildSettings = {
				ALWAYS_SEARCH_USER_PATHS = NO;
				ASSETCATALOG_COMPILER_GENERATE_SWIFT_ASSET_SYMBOL_EXTENSIONS = YES;
				CLANG_ANALYZER_NONNULL = YES;
				CLANG_ANALYZER_NUMBER_OBJECT_CONVERSION = YES_AGGRESSIVE;
				CLANG_CXX_LANGUAGE_STANDARD = "gnu++20";
				CLANG_ENABLE_MODULES = YES;
				CLANG_ENABLE_OBJC_ARC = YES;
				CLANG_ENABLE_OBJC_WEAK = YES;
				CLANG_WARN_BLOCK_CAPTURE_AUTORELEASING = YES;
				CLANG_WARN_BOOL_CONVERSION = YES;
				CLANG_WARN_COMMA = YES;
				CLANG_WARN_CONSTANT_CONVERSION = YES;
				CLANG_WARN_DEPRECATED_OBJC_IMPLEMENTATIONS = YES;
				CLANG_WARN_DIRECT_OBJC_ISA_USAGE = YES_ERROR;
				CLANG_WARN_DOCUMENTATION_COMMENTS = YES;
				CLANG_WARN_EMPTY_BODY = YES;
				CLANG_WARN_ENUM_CONVERSION = YES;
				CLANG_WARN_INFINITE_RECURSION = YES;
				CLANG_WARN_INT_CONVERSION = YES;
				CLANG_WARN_NON_LITERAL_NULL_CONVERSION = YES;
				CLANG_WARN_OBJC_IMPLICIT_RETAIN_SELF = YES;
				CLANG_WARN_OBJC_LITERAL_CONVERSION = YES;
				CLANG_WARN_OBJC_ROOT_CLASS = YES_ERROR;
				CLANG_WARN_QUOTED_INCLUDE_IN_FRAMEWORK_HEADER = YES;
				CLANG_WARN_RANGE_LOOP_ANALYSIS = YES;
				CLANG_WARN_STRICT_PROTOTYPES = YES;
				CLANG_WARN_SUSPICIOUS_MOVE = YES;
				CLANG_WARN_UNGUARDED_AVAILABILITY = YES_AGGRESSIVE;
				CLANG_WARN_UNREACHABLE_CODE = YES;
				CLANG_WARN__DUPLICATE_METHOD_MATCH = YES;
				COPY_PHASE_STRIP = NO;
				DEBUG_INFORMATION_FORMAT = "dwarf-with-dsym";
				ENABLE_NS_ASSERTIONS = NO;
				ENABLE_STRICT_OBJC_MSGSEND = YES;
				ENABLE_USER_SCRIPT_SANDBOXING = YES;
				GCC_C_LANGUAGE_STANDARD = gnu17;
				GCC_NO_COMMON_BLOCKS = YES;
				GCC_WARN_64_TO_32_BIT_CONVERSION = YES;
				GCC_WARN_ABOUT_RETURN_TYPE = YES_ERROR;
				GCC_WARN_UNDECLARED_SELECTOR = YES;
				GCC_WARN_UNINITIALIZED_AUTOS = YES_AGGRESSIVE;
				GCC_WARN_UNUSED_FUNCTION = YES;
				GCC_WARN_UNUSED_VARIABLE = YES;
				IPHONEOS_DEPLOYMENT_TARGET = 17.5;
				LOCALIZATION_PREFERS_STRING_CATALOGS = YES;
				MTL_ENABLE_DEBUG_INFO = NO;
				MTL_FAST_MATH = YES;
				SDKROOT = iphoneos;
				SWIFT_COMPILATION_MODE = wholemodule;
				VALIDATE_PRODUCT = YES;
			};
			name = Release;
		};
		46E28A6F2C33E70800AB3843 /* Debug */ = {
			isa = XCBuildConfiguration;
			buildSettings = {
				ASSETCATALOG_COMPILER_APPICON_NAME = AppIcon;
				ASSETCATALOG_COMPILER_GLOBAL_ACCENT_COLOR_NAME = AccentColor;
				CODE_SIGN_STYLE = Automatic;
				CURRENT_PROJECT_VERSION = 1;
				GENERATE_INFOPLIST_FILE = YES;
				INFOPLIST_FILE = MemoListApp/Info.plist;
				INFOPLIST_KEY_UIApplicationSupportsIndirectInputEvents = YES;
				INFOPLIST_KEY_UILaunchStoryboardName = LaunchScreen;
				INFOPLIST_KEY_UISupportedInterfaceOrientations = UIInterfaceOrientationPortrait;
				INFOPLIST_KEY_UISupportedInterfaceOrientations_iPad = UIInterfaceOrientationPortrait;
				IPHONEOS_DEPLOYMENT_TARGET = 16.5;
				LD_RUNPATH_SEARCH_PATHS = (
					"$(inherited)",
					"@executable_path/Frameworks",
				);
				MARKETING_VERSION = 1.0;
				PRODUCT_BUNDLE_IDENTIFIER = com.soyung.MemoListApp;
				PRODUCT_NAME = "$(TARGET_NAME)";
				SUPPORTED_PLATFORMS = "iphoneos iphonesimulator";
				SUPPORTS_MACCATALYST = NO;
				SUPPORTS_MAC_DESIGNED_FOR_IPHONE_IPAD = NO;
				SUPPORTS_XR_DESIGNED_FOR_IPHONE_IPAD = NO;
				SWIFT_EMIT_LOC_STRINGS = YES;
				SWIFT_VERSION = 5.0;
				TARGETED_DEVICE_FAMILY = 1;
			};
			name = Debug;
		};
		46E28A702C33E70800AB3843 /* Release */ = {
			isa = XCBuildConfiguration;
			buildSettings = {
				ASSETCATALOG_COMPILER_APPICON_NAME = AppIcon;
				ASSETCATALOG_COMPILER_GLOBAL_ACCENT_COLOR_NAME = AccentColor;
				CODE_SIGN_STYLE = Automatic;
				CURRENT_PROJECT_VERSION = 1;
				GENERATE_INFOPLIST_FILE = YES;
				INFOPLIST_FILE = MemoListApp/Info.plist;
				INFOPLIST_KEY_UIApplicationSupportsIndirectInputEvents = YES;
				INFOPLIST_KEY_UILaunchStoryboardName = LaunchScreen;
				INFOPLIST_KEY_UISupportedInterfaceOrientations = UIInterfaceOrientationPortrait;
				INFOPLIST_KEY_UISupportedInterfaceOrientations_iPad = UIInterfaceOrientationPortrait;
				IPHONEOS_DEPLOYMENT_TARGET = 16.5;
				LD_RUNPATH_SEARCH_PATHS = (
					"$(inherited)",
					"@executable_path/Frameworks",
				);
				MARKETING_VERSION = 1.0;
				PRODUCT_BUNDLE_IDENTIFIER = com.soyung.MemoListApp;
				PRODUCT_NAME = "$(TARGET_NAME)";
				SUPPORTED_PLATFORMS = "iphoneos iphonesimulator";
				SUPPORTS_MACCATALYST = NO;
				SUPPORTS_MAC_DESIGNED_FOR_IPHONE_IPAD = NO;
				SUPPORTS_XR_DESIGNED_FOR_IPHONE_IPAD = NO;
				SWIFT_EMIT_LOC_STRINGS = YES;
				SWIFT_VERSION = 5.0;
				TARGETED_DEVICE_FAMILY = 1;
			};
			name = Release;
		};
/* End XCBuildConfiguration section */

/* Begin XCConfigurationList section */
		46E28A552C33E70500AB3843 /* Build configuration list for PBXProject "MemoListApp" */ = {
			isa = XCConfigurationList;
			buildConfigurations = (
				46E28A6C2C33E70800AB3843 /* Debug */,
				46E28A6D2C33E70800AB3843 /* Release */,
			);
			defaultConfigurationIsVisible = 0;
			defaultConfigurationName = Release;
		};
		46E28A6E2C33E70800AB3843 /* Build configuration list for PBXNativeTarget "MemoListApp" */ = {
			isa = XCConfigurationList;
			buildConfigurations = (
				46E28A6F2C33E70800AB3843 /* Debug */,
				46E28A702C33E70800AB3843 /* Release */,
			);
			defaultConfigurationIsVisible = 0;
			defaultConfigurationName = Release;
		};
/* End XCConfigurationList section */

/* Begin XCRemoteSwiftPackageReference section */
		46E28A7A2C33E91300AB3843 /* XCRemoteSwiftPackageReference "realm-swift" */ = {
			isa = XCRemoteSwiftPackageReference;
			repositoryURL = "https://github.com/realm/realm-swift.git";
			requirement = {
				kind = exactVersion;
				version = 10.52.1;
			};
		};
		46E28A7F2C33EB6300AB3843 /* XCRemoteSwiftPackageReference "SnapKit" */ = {
			isa = XCRemoteSwiftPackageReference;
			repositoryURL = "https://github.com/SnapKit/SnapKit.git";
			requirement = {
				kind = upToNextMajorVersion;
				minimumVersion = 5.7.1;
			};
		};
		46E28A822C33EB7200AB3843 /* XCRemoteSwiftPackageReference "Toast-Swift" */ = {
			isa = XCRemoteSwiftPackageReference;
			repositoryURL = "https://github.com/scalessec/Toast-Swift";
			requirement = {
				kind = upToNextMajorVersion;
				minimumVersion = 5.1.1;
			};
		};
/* End XCRemoteSwiftPackageReference section */

/* Begin XCSwiftPackageProductDependency section */
		46E28A7B2C33E91300AB3843 /* RealmSwift */ = {
			isa = XCSwiftPackageProductDependency;
			package = 46E28A7A2C33E91300AB3843 /* XCRemoteSwiftPackageReference "realm-swift" */;
			productName = RealmSwift;
		};
		46E28A802C33EB6400AB3843 /* SnapKit */ = {
			isa = XCSwiftPackageProductDependency;
			package = 46E28A7F2C33EB6300AB3843 /* XCRemoteSwiftPackageReference "SnapKit" */;
			productName = SnapKit;
		};
		46E28A832C33EB7200AB3843 /* Toast */ = {
			isa = XCSwiftPackageProductDependency;
			package = 46E28A822C33EB7200AB3843 /* XCRemoteSwiftPackageReference "Toast-Swift" */;
			productName = Toast;
		};
/* End XCSwiftPackageProductDependency section */
	};
	rootObject = 46E28A522C33E70500AB3843 /* Project object */;
}
